
Microsoft Visual Studio Solution File, Format Version 12.00
Project("{2150E333-8FDC-42A3-9474-1A3956D46DE8}") = "Bootstrapper", "Bootstrapper", "{0E805903-5784-47C8-9F39-8D3E8AE7F519}"
EndProject
Project("{FAE04EC0-301F-11D3-BF4B-00C04F79EFBC}") = "Fitfuel.Bootstrapper", "Bootstrapper\Fitfuel.Bootstrapper\Fitfuel.Bootstrapper.csproj", "{A0165582-2E3A-4748-88AC-5BCE2495ED37}"
EndProject
Project("{2150E333-8FDC-42A3-9474-1A3956D46DE8}") = "Modules", "Modules", "{2DA981C0-9CBF-43F2-8846-864633CA1C95}"
EndProject
Project("{2150E333-8FDC-42A3-9474-1A3956D46DE8}") = "Shared", "Shared", "{7EA804AD-FADE-41DE-BD0E-E73D92971092}"
EndProject
Project("{FAE04EC0-301F-11D3-BF4B-00C04F79EFBC}") = "Fitfuel.Shared", "Shared\Fitfuel.Shared\Fitfuel.Shared.csproj", "{7EFA177E-0161-4664-B014-9A12250422D9}"
EndProject
Project("{2150E333-8FDC-42A3-9474-1A3956D46DE8}") = "Notifications", "Notifications", "{58BC99B7-1EA1-4712-AC93-3499A6814EE3}"
EndProject
Project("{FAE04EC0-301F-11D3-BF4B-00C04F79EFBC}") = "Fitfuel.Notifications.API", "Modules\Notifications\Fitfuel.Notifications.API\Fitfuel.Notifications.API.csproj", "{D5E926BA-67F0-442D-9220-D4C5A667B436}"
EndProject
Project("{2150E333-8FDC-42A3-9474-1A3956D46DE8}") = "Admin", "Admin", "{7902C6B4-044C-434B-9089-0AB404DF9E4A}"
EndProject
Project("{FAE04EC0-301F-11D3-BF4B-00C04F79EFBC}") = "Fitfuel.Admin.API", "Modules\Admin\Fitfuel.Admin.API\Fitfuel.Admin.API.csproj", "{FB2077AD-59DD-44C5-BF27-5C77A925DE2E}"
EndProject
Project("{2150E333-8FDC-42A3-9474-1A3956D46DE8}") = "Auth", "Auth", "{1B2A93BE-D60C-4A8D-A822-BE371AD3A1D4}"
EndProject
Project("{FAE04EC0-301F-11D3-BF4B-00C04F79EFBC}") = "Fitfuel.Auth.API", "Modules\Auth\Fitfuel.Auth.API\Fitfuel.Auth.API.csproj", "{54D2869B-F50C-49C7-9C42-A8DF39C99641}"
EndProject
Project("{2150E333-8FDC-42A3-9474-1A3956D46DE8}") = "Workouts", "Workouts", "{9EE9A9C0-E89C-4F79-99B0-360B71C2BD1F}"
EndProject
Project("{2150E333-8FDC-42A3-9474-1A3956D46DE8}") = "Statistics", "Statistics", "{6E109603-A2DA-4B53-976B-CE210D27B501}"
EndProject
Project("{2150E333-8FDC-42A3-9474-1A3956D46DE8}") = "Meals", "Meals", "{F6D3C2C6-E561-404D-9E87-690D7A69A622}"
EndProject
Project("{2150E333-8FDC-42A3-9474-1A3956D46DE8}") = "Analitics", "Analitics", "{5D934AD0-B83A-4022-9AC2-A1CDF3F556E1}"
EndProject
Project("{2150E333-8FDC-42A3-9474-1A3956D46DE8}") = "Profiles", "Profiles", "{16A8C856-7ECE-4F64-A661-D223E07A316E}"
EndProject
Project("{FAE04EC0-301F-11D3-BF4B-00C04F79EFBC}") = "Fitfuel.Analitics.API", "Modules\Analitics\Fitfuel.Analitics.API\Fitfuel.Analitics.API.csproj", "{5B529F00-AE1C-4E3F-96EF-52C4D9D53E15}"
EndProject
Project("{FAE04EC0-301F-11D3-BF4B-00C04F79EFBC}") = "Fitfuel.Meals.API", "Modules\Meals\Fitfuel.Meals.API\Fitfuel.Meals.API.csproj", "{C8C22889-A7ED-49E1-9A40-65876946F831}"
EndProject
Project("{FAE04EC0-301F-11D3-BF4B-00C04F79EFBC}") = "Fitfuel.Profiles.API", "Modules\Profiles\Fitfuel.Profiles.API\Fitfuel.Profiles.API.csproj", "{A9230D1B-1550-447F-9792-809E6C06018B}"
EndProject
Project("{FAE04EC0-301F-11D3-BF4B-00C04F79EFBC}") = "Fitfuel.Statistics.API", "Modules\Statistics\Fitfuel.Statistics.API\Fitfuel.Statistics.API.csproj", "{B3C44ECA-CD13-4C46-AE9C-98A91F48A2E8}"
EndProject
Project("{FAE04EC0-301F-11D3-BF4B-00C04F79EFBC}") = "Fitfuel.Workouts.API", "Modules\Workouts\Fitfuel.Workouts.API\Fitfuel.Workouts.API.csproj", "{102C3E56-1094-435C-A3A3-8ACA028CD3F2}"
EndProject
Project("{FAE04EC0-301F-11D3-BF4B-00C04F79EFBC}") = "Fitfuel.Auth.Domain", "Modules\Auth\Fitfuel.Auth.Domain\Fitfuel.Auth.Domain.csproj", "{610A79F9-9DEC-4B99-AA69-EB5A77C55D65}"
EndProject
Project("{FAE04EC0-301F-11D3-BF4B-00C04F79EFBC}") = "Fitfuel.Auth.Shared", "Modules\Auth\Fitfuel.Auth.Shared\Fitfuel.Auth.Shared.csproj", "{966C3BD7-7AB9-4E0B-A1EB-A8DDBFBF0F29}"
EndProject
Project("{FAE04EC0-301F-11D3-BF4B-00C04F79EFBC}") = "Fitfuel.Auth.Infrastructure", "Modules\Auth\Fitfuel.Auth.Infrastructure\Fitfuel.Auth.Infrastructure.csproj", "{C2E771D5-1D9E-4EC2-84E8-77EF9E6F34FA}"
EndProject
Project("{FAE04EC0-301F-11D3-BF4B-00C04F79EFBC}") = "Fitfuel.Auth.Application", "Modules\Auth\Fitfuel.Auth.Application\Fitfuel.Auth.Application.csproj", "{46934130-55F1-4A5A-8801-07415BE21FF7}"
EndProject
Project("{FAE04EC0-301F-11D3-BF4B-00C04F79EFBC}") = "Fitfuel.Workouts.Domain", "Modules\Workouts\Fitfuel.Workouts.Domain\Fitfuel.Workouts.Domain.csproj", "{14FDF5AF-C64C-49E2-B182-DC4F939A9B4B}"
EndProject
Project("{FAE04EC0-301F-11D3-BF4B-00C04F79EFBC}") = "Fitfuel.Workouts.Application", "Modules\Workouts\Fitfuel.Workouts.Application\Fitfuel.Workouts.Application.csproj", "{483D01AC-8744-4176-8217-73480B462C32}"
EndProject
Project("{FAE04EC0-301F-11D3-BF4B-00C04F79EFBC}") = "Fitfuel.Workouts.Infrastructure", "Modules\Workouts\Fitfuel.Workouts.Infrastructure\Fitfuel.Workouts.Infrastructure.csproj", "{9A683336-0590-4A64-8465-F9B8163EA4BC}"
EndProject
Project("{FAE04EC0-301F-11D3-BF4B-00C04F79EFBC}") = "Fitfuel.Workouts.Shared", "Modules\Workouts\Fitfuel.Workouts.Shared\Fitfuel.Workouts.Shared.csproj", "{77F7C7BD-E1A5-4B7A-BA6D-E562143DAA97}"
EndProject
Project("{FAE04EC0-301F-11D3-BF4B-00C04F79EFBC}") = "FitFuel.Workouts.Tests", "Modules\Workouts\FitFuel.Workouts.Tests\FitFuel.Workouts.Tests.csproj", "{5387706F-43C8-4330-9702-135D46DDD367}"
EndProject
Global
	GlobalSection(SolutionConfigurationPlatforms) = preSolution
		Debug|Any CPU = Debug|Any CPU
		Release|Any CPU = Release|Any CPU
	EndGlobalSection
	GlobalSection(ProjectConfigurationPlatforms) = postSolution
		{A0165582-2E3A-4748-88AC-5BCE2495ED37}.Debug|Any CPU.ActiveCfg = Debug|Any CPU
		{A0165582-2E3A-4748-88AC-5BCE2495ED37}.Debug|Any CPU.Build.0 = Debug|Any CPU
		{A0165582-2E3A-4748-88AC-5BCE2495ED37}.Release|Any CPU.ActiveCfg = Release|Any CPU
		{A0165582-2E3A-4748-88AC-5BCE2495ED37}.Release|Any CPU.Build.0 = Release|Any CPU
		{7EFA177E-0161-4664-B014-9A12250422D9}.Debug|Any CPU.ActiveCfg = Debug|Any CPU
		{7EFA177E-0161-4664-B014-9A12250422D9}.Debug|Any CPU.Build.0 = Debug|Any CPU
		{7EFA177E-0161-4664-B014-9A12250422D9}.Release|Any CPU.ActiveCfg = Release|Any CPU
		{7EFA177E-0161-4664-B014-9A12250422D9}.Release|Any CPU.Build.0 = Release|Any CPU
		{D5E926BA-67F0-442D-9220-D4C5A667B436}.Debug|Any CPU.ActiveCfg = Debug|Any CPU
		{D5E926BA-67F0-442D-9220-D4C5A667B436}.Debug|Any CPU.Build.0 = Debug|Any CPU
		{D5E926BA-67F0-442D-9220-D4C5A667B436}.Release|Any CPU.ActiveCfg = Release|Any CPU
		{D5E926BA-67F0-442D-9220-D4C5A667B436}.Release|Any CPU.Build.0 = Release|Any CPU
		{FB2077AD-59DD-44C5-BF27-5C77A925DE2E}.Debug|Any CPU.ActiveCfg = Debug|Any CPU
		{FB2077AD-59DD-44C5-BF27-5C77A925DE2E}.Debug|Any CPU.Build.0 = Debug|Any CPU
		{FB2077AD-59DD-44C5-BF27-5C77A925DE2E}.Release|Any CPU.ActiveCfg = Release|Any CPU
		{FB2077AD-59DD-44C5-BF27-5C77A925DE2E}.Release|Any CPU.Build.0 = Release|Any CPU
		{54D2869B-F50C-49C7-9C42-A8DF39C99641}.Debug|Any CPU.ActiveCfg = Debug|Any CPU
		{54D2869B-F50C-49C7-9C42-A8DF39C99641}.Debug|Any CPU.Build.0 = Debug|Any CPU
		{54D2869B-F50C-49C7-9C42-A8DF39C99641}.Release|Any CPU.ActiveCfg = Release|Any CPU
		{54D2869B-F50C-49C7-9C42-A8DF39C99641}.Release|Any CPU.Build.0 = Release|Any CPU
		{5B529F00-AE1C-4E3F-96EF-52C4D9D53E15}.Debug|Any CPU.ActiveCfg = Debug|Any CPU
		{5B529F00-AE1C-4E3F-96EF-52C4D9D53E15}.Debug|Any CPU.Build.0 = Debug|Any CPU
		{5B529F00-AE1C-4E3F-96EF-52C4D9D53E15}.Release|Any CPU.ActiveCfg = Release|Any CPU
		{5B529F00-AE1C-4E3F-96EF-52C4D9D53E15}.Release|Any CPU.Build.0 = Release|Any CPU
		{C8C22889-A7ED-49E1-9A40-65876946F831}.Debug|Any CPU.ActiveCfg = Debug|Any CPU
		{C8C22889-A7ED-49E1-9A40-65876946F831}.Debug|Any CPU.Build.0 = Debug|Any CPU
		{C8C22889-A7ED-49E1-9A40-65876946F831}.Release|Any CPU.ActiveCfg = Release|Any CPU
		{C8C22889-A7ED-49E1-9A40-65876946F831}.Release|Any CPU.Build.0 = Release|Any CPU
		{A9230D1B-1550-447F-9792-809E6C06018B}.Debug|Any CPU.ActiveCfg = Debug|Any CPU
		{A9230D1B-1550-447F-9792-809E6C06018B}.Debug|Any CPU.Build.0 = Debug|Any CPU
		{A9230D1B-1550-447F-9792-809E6C06018B}.Release|Any CPU.ActiveCfg = Release|Any CPU
		{A9230D1B-1550-447F-9792-809E6C06018B}.Release|Any CPU.Build.0 = Release|Any CPU
		{B3C44ECA-CD13-4C46-AE9C-98A91F48A2E8}.Debug|Any CPU.ActiveCfg = Debug|Any CPU
		{B3C44ECA-CD13-4C46-AE9C-98A91F48A2E8}.Debug|Any CPU.Build.0 = Debug|Any CPU
		{B3C44ECA-CD13-4C46-AE9C-98A91F48A2E8}.Release|Any CPU.ActiveCfg = Release|Any CPU
		{B3C44ECA-CD13-4C46-AE9C-98A91F48A2E8}.Release|Any CPU.Build.0 = Release|Any CPU
		{102C3E56-1094-435C-A3A3-8ACA028CD3F2}.Debug|Any CPU.ActiveCfg = Debug|Any CPU
		{102C3E56-1094-435C-A3A3-8ACA028CD3F2}.Debug|Any CPU.Build.0 = Debug|Any CPU
		{102C3E56-1094-435C-A3A3-8ACA028CD3F2}.Release|Any CPU.ActiveCfg = Release|Any CPU
		{102C3E56-1094-435C-A3A3-8ACA028CD3F2}.Release|Any CPU.Build.0 = Release|Any CPU
		{610A79F9-9DEC-4B99-AA69-EB5A77C55D65}.Debug|Any CPU.ActiveCfg = Debug|Any CPU
		{610A79F9-9DEC-4B99-AA69-EB5A77C55D65}.Debug|Any CPU.Build.0 = Debug|Any CPU
		{610A79F9-9DEC-4B99-AA69-EB5A77C55D65}.Release|Any CPU.ActiveCfg = Release|Any CPU
		{610A79F9-9DEC-4B99-AA69-EB5A77C55D65}.Release|Any CPU.Build.0 = Release|Any CPU
		{966C3BD7-7AB9-4E0B-A1EB-A8DDBFBF0F29}.Debug|Any CPU.ActiveCfg = Debug|Any CPU
		{966C3BD7-7AB9-4E0B-A1EB-A8DDBFBF0F29}.Debug|Any CPU.Build.0 = Debug|Any CPU
		{966C3BD7-7AB9-4E0B-A1EB-A8DDBFBF0F29}.Release|Any CPU.ActiveCfg = Release|Any CPU
		{966C3BD7-7AB9-4E0B-A1EB-A8DDBFBF0F29}.Release|Any CPU.Build.0 = Release|Any CPU
		{C2E771D5-1D9E-4EC2-84E8-77EF9E6F34FA}.Debug|Any CPU.ActiveCfg = Debug|Any CPU
		{C2E771D5-1D9E-4EC2-84E8-77EF9E6F34FA}.Debug|Any CPU.Build.0 = Debug|Any CPU
		{C2E771D5-1D9E-4EC2-84E8-77EF9E6F34FA}.Release|Any CPU.ActiveCfg = Release|Any CPU
		{C2E771D5-1D9E-4EC2-84E8-77EF9E6F34FA}.Release|Any CPU.Build.0 = Release|Any CPU
		{46934130-55F1-4A5A-8801-07415BE21FF7}.Debug|Any CPU.ActiveCfg = Debug|Any CPU
		{46934130-55F1-4A5A-8801-07415BE21FF7}.Debug|Any CPU.Build.0 = Debug|Any CPU
		{46934130-55F1-4A5A-8801-07415BE21FF7}.Release|Any CPU.ActiveCfg = Release|Any CPU
		{46934130-55F1-4A5A-8801-07415BE21FF7}.Release|Any CPU.Build.0 = Release|Any CPU
		{14FDF5AF-C64C-49E2-B182-DC4F939A9B4B}.Debug|Any CPU.ActiveCfg = Debug|Any CPU
		{14FDF5AF-C64C-49E2-B182-DC4F939A9B4B}.Debug|Any CPU.Build.0 = Debug|Any CPU
		{14FDF5AF-C64C-49E2-B182-DC4F939A9B4B}.Release|Any CPU.ActiveCfg = Release|Any CPU
		{14FDF5AF-C64C-49E2-B182-DC4F939A9B4B}.Release|Any CPU.Build.0 = Release|Any CPU
		{483D01AC-8744-4176-8217-73480B462C32}.Debug|Any CPU.ActiveCfg = Debug|Any CPU
		{483D01AC-8744-4176-8217-73480B462C32}.Debug|Any CPU.Build.0 = Debug|Any CPU
		{483D01AC-8744-4176-8217-73480B462C32}.Release|Any CPU.ActiveCfg = Release|Any CPU
		{483D01AC-8744-4176-8217-73480B462C32}.Release|Any CPU.Build.0 = Release|Any CPU
		{9A683336-0590-4A64-8465-F9B8163EA4BC}.Debug|Any CPU.ActiveCfg = Debug|Any CPU
		{9A683336-0590-4A64-8465-F9B8163EA4BC}.Debug|Any CPU.Build.0 = Debug|Any CPU
		{9A683336-0590-4A64-8465-F9B8163EA4BC}.Release|Any CPU.ActiveCfg = Release|Any CPU
		{9A683336-0590-4A64-8465-F9B8163EA4BC}.Release|Any CPU.Build.0 = Release|Any CPU
		{77F7C7BD-E1A5-4B7A-BA6D-E562143DAA97}.Debug|Any CPU.ActiveCfg = Debug|Any CPU
		{77F7C7BD-E1A5-4B7A-BA6D-E562143DAA97}.Debug|Any CPU.Build.0 = Debug|Any CPU
		{77F7C7BD-E1A5-4B7A-BA6D-E562143DAA97}.Release|Any CPU.ActiveCfg = Release|Any CPU
		{77F7C7BD-E1A5-4B7A-BA6D-E562143DAA97}.Release|Any CPU.Build.0 = Release|Any CPU
		{5387706F-43C8-4330-9702-135D46DDD367}.Debug|Any CPU.ActiveCfg = Debug|Any CPU
		{5387706F-43C8-4330-9702-135D46DDD367}.Debug|Any CPU.Build.0 = Debug|Any CPU
		{5387706F-43C8-4330-9702-135D46DDD367}.Release|Any CPU.ActiveCfg = Release|Any CPU
		{5387706F-43C8-4330-9702-135D46DDD367}.Release|Any CPU.Build.0 = Release|Any CPU
	EndGlobalSection
	GlobalSection(NestedProjects) = preSolution
		{A0165582-2E3A-4748-88AC-5BCE2495ED37} = {0E805903-5784-47C8-9F39-8D3E8AE7F519}
		{7EFA177E-0161-4664-B014-9A12250422D9} = {7EA804AD-FADE-41DE-BD0E-E73D92971092}
		{58BC99B7-1EA1-4712-AC93-3499A6814EE3} = {2DA981C0-9CBF-43F2-8846-864633CA1C95}
		{D5E926BA-67F0-442D-9220-D4C5A667B436} = {58BC99B7-1EA1-4712-AC93-3499A6814EE3}
		{7902C6B4-044C-434B-9089-0AB404DF9E4A} = {2DA981C0-9CBF-43F2-8846-864633CA1C95}
		{FB2077AD-59DD-44C5-BF27-5C77A925DE2E} = {7902C6B4-044C-434B-9089-0AB404DF9E4A}
		{1B2A93BE-D60C-4A8D-A822-BE371AD3A1D4} = {2DA981C0-9CBF-43F2-8846-864633CA1C95}
		{54D2869B-F50C-49C7-9C42-A8DF39C99641} = {1B2A93BE-D60C-4A8D-A822-BE371AD3A1D4}
		{9EE9A9C0-E89C-4F79-99B0-360B71C2BD1F} = {2DA981C0-9CBF-43F2-8846-864633CA1C95}
		{6E109603-A2DA-4B53-976B-CE210D27B501} = {2DA981C0-9CBF-43F2-8846-864633CA1C95}
		{F6D3C2C6-E561-404D-9E87-690D7A69A622} = {2DA981C0-9CBF-43F2-8846-864633CA1C95}
		{5D934AD0-B83A-4022-9AC2-A1CDF3F556E1} = {2DA981C0-9CBF-43F2-8846-864633CA1C95}
		{16A8C856-7ECE-4F64-A661-D223E07A316E} = {2DA981C0-9CBF-43F2-8846-864633CA1C95}
		{5B529F00-AE1C-4E3F-96EF-52C4D9D53E15} = {5D934AD0-B83A-4022-9AC2-A1CDF3F556E1}
		{C8C22889-A7ED-49E1-9A40-65876946F831} = {F6D3C2C6-E561-404D-9E87-690D7A69A622}
		{A9230D1B-1550-447F-9792-809E6C06018B} = {16A8C856-7ECE-4F64-A661-D223E07A316E}
		{B3C44ECA-CD13-4C46-AE9C-98A91F48A2E8} = {6E109603-A2DA-4B53-976B-CE210D27B501}
		{102C3E56-1094-435C-A3A3-8ACA028CD3F2} = {9EE9A9C0-E89C-4F79-99B0-360B71C2BD1F}
		{610A79F9-9DEC-4B99-AA69-EB5A77C55D65} = {1B2A93BE-D60C-4A8D-A822-BE371AD3A1D4}
		{966C3BD7-7AB9-4E0B-A1EB-A8DDBFBF0F29} = {1B2A93BE-D60C-4A8D-A822-BE371AD3A1D4}
		{C2E771D5-1D9E-4EC2-84E8-77EF9E6F34FA} = {1B2A93BE-D60C-4A8D-A822-BE371AD3A1D4}
		{46934130-55F1-4A5A-8801-07415BE21FF7} = {1B2A93BE-D60C-4A8D-A822-BE371AD3A1D4}
		{14FDF5AF-C64C-49E2-B182-DC4F939A9B4B} = {9EE9A9C0-E89C-4F79-99B0-360B71C2BD1F}
		{483D01AC-8744-4176-8217-73480B462C32} = {9EE9A9C0-E89C-4F79-99B0-360B71C2BD1F}
		{9A683336-0590-4A64-8465-F9B8163EA4BC} = {9EE9A9C0-E89C-4F79-99B0-360B71C2BD1F}
		{77F7C7BD-E1A5-4B7A-BA6D-E562143DAA97} = {9EE9A9C0-E89C-4F79-99B0-360B71C2BD1F}
		{5387706F-43C8-4330-9702-135D46DDD367} = {9EE9A9C0-E89C-4F79-99B0-360B71C2BD1F}
	EndGlobalSection
EndGlobal
